
Microsoft Visual Studio Solution File, Format Version 12.00
# Visual Studio Version 16
VisualStudioVersion = 16.0.28922.388
MinimumVisualStudioVersion = 10.0.40219.1
Project("{9A19103F-16F7-4668-BE54-9A1E7A4F7556}") = "dp.api", "api\dp.api.csproj", "{1835DA84-A093-49B7-BA43-9516AC5899C4}"
EndProject
Project("{9A19103F-16F7-4668-BE54-9A1E7A4F7556}") = "dp.data", "dp.data\dp.data.csproj", "{4DF528C6-B31B-484B-93E1-E1BA12A46779}"
EndProject
Project("{9A19103F-16F7-4668-BE54-9A1E7A4F7556}") = "dp.business", "dp.business\dp.business.csproj", "{C05CEBA7-2F24-4A4A-8195-C5969C96C5DE}"
EndProject
Project("{00D1A9C2-B5F0-4AF3-8072-F6C62B433612}") = "dp.database", "dp.database\dp.database.sqlproj", "{D18336A2-B782-4327-9A45-93B9E1065A66}"
EndProject
Global
	GlobalSection(SolutionConfigurationPlatforms) = preSolution
		Debug|Any CPU = Debug|Any CPU
		Release|Any CPU = Release|Any CPU
	EndGlobalSection
	GlobalSection(ProjectConfigurationPlatforms) = postSolution
		{1835DA84-A093-49B7-BA43-9516AC5899C4}.Debug|Any CPU.ActiveCfg = Debug|Any CPU
		{1835DA84-A093-49B7-BA43-9516AC5899C4}.Debug|Any CPU.Build.0 = Debug|Any CPU
		{1835DA84-A093-49B7-BA43-9516AC5899C4}.Release|Any CPU.ActiveCfg = Release|Any CPU
		{1835DA84-A093-49B7-BA43-9516AC5899C4}.Release|Any CPU.Build.0 = Release|Any CPU
		{4DF528C6-B31B-484B-93E1-E1BA12A46779}.Debug|Any CPU.ActiveCfg = Debug|Any CPU
		{4DF528C6-B31B-484B-93E1-E1BA12A46779}.Debug|Any CPU.Build.0 = Debug|Any CPU
		{4DF528C6-B31B-484B-93E1-E1BA12A46779}.Release|Any CPU.ActiveCfg = Release|Any CPU
		{4DF528C6-B31B-484B-93E1-E1BA12A46779}.Release|Any CPU.Build.0 = Release|Any CPU
		{C05CEBA7-2F24-4A4A-8195-C5969C96C5DE}.Debug|Any CPU.ActiveCfg = Debug|Any CPU
		{C05CEBA7-2F24-4A4A-8195-C5969C96C5DE}.Debug|Any CPU.Build.0 = Debug|Any CPU
		{C05CEBA7-2F24-4A4A-8195-C5969C96C5DE}.Release|Any CPU.ActiveCfg = Release|Any CPU
		{C05CEBA7-2F24-4A4A-8195-C5969C96C5DE}.Release|Any CPU.Build.0 = Release|Any CPU
		{D18336A2-B782-4327-9A45-93B9E1065A66}.Debug|Any CPU.ActiveCfg = Debug|Any CPU
		{D18336A2-B782-4327-9A45-93B9E1065A66}.Debug|Any CPU.Build.0 = Debug|Any CPU
		{D18336A2-B782-4327-9A45-93B9E1065A66}.Debug|Any CPU.Deploy.0 = Debug|Any CPU
		{D18336A2-B782-4327-9A45-93B9E1065A66}.Release|Any CPU.ActiveCfg = Release|Any CPU
		{D18336A2-B782-4327-9A45-93B9E1065A66}.Release|Any CPU.Build.0 = Release|Any CPU
		{D18336A2-B782-4327-9A45-93B9E1065A66}.Release|Any CPU.Deploy.0 = Release|Any CPU
	EndGlobalSection
	GlobalSection(SolutionProperties) = preSolution
		HideSolutionNode = FALSE
	EndGlobalSection
	GlobalSection(ExtensibilityGlobals) = postSolution
		SolutionGuid = {8DEAB93D-E853-417E-9012-533DDC2B2E42}
	EndGlobalSection
EndGlobal
